{
  "nodes": {
    "nixpkgs": {
      "locked": {
        "lastModified": 1659884963,
        "narHash": "sha256-t88sh+28CWe1Po+Xv/4Fx2utUmJZMVL39SrgHSmq7hs=",
        "owner": "NixOS",
        "repo": "nixpkgs",
        "rev": "2a172dcba992f4c19c0cdafafc12cd1e559a3b93",
        "type": "github"
      },
      "original": {
        "owner": "NixOS",
        "repo": "nixpkgs",
        "type": "github"
      }
    },
    "root": {
      "inputs": {
        "nixpkgs": "nixpkgs"
      }
    }
  },
  "root": "root",
  "version": 7
}
